lockfileVersion: '6.0'

settings:
  autoInstallPeers: true
  excludeLinksFromLockfile: false

dependencies:
  '@types/node':
    specifier: ^20.5.1
    version: 20.5.1
  dexnode:
    specifier: ^1.2.1
    version: 1.2.1
  typescript:
    specifier: ^5.1.6
    version: 5.1.6

packages:

  /@types/node@20.5.1:
    resolution: {integrity: sha512-4tT2UrL5LBqDwoed9wZ6N3umC4Yhz3W3FloMmiiG4JwmUJWpie0c7lcnUNd4gtMKuDEO4wRVS8B6Xa0uMRsMKg==}
    dev: false

  /dexnode@1.2.1:
    resolution: {integrity: sha512-8VoKDr6qnPL9qu1fhJhJA+coQZ0F3eLtvPMJjCps1CQERrWI+/hKHAplASLI+TThsDrmQEqBUhlcUM63k2EpMw==}
    hasBin: true
    dependencies:
      semver: 7.5.4
      winreg: 1.2.4
    dev: false

  /lru-cache@6.0.0:
    resolution: {integrity: sha512-Jo6dJ04CmSjuznwJSS3pUeWmd/H0ffTlkXXgwZi+eq1UCmqQwCh+eLsYOYCwY991i2Fah4h1BEMCx4qThGbsiA==}
    engines: {node: '>=10'}
    dependencies:
      yallist: 4.0.0
    dev: false

  /semver@7.5.4:
    resolution: {integrity: sha512-1bCSESV6Pv+i21Hvpxp3Dx+pSD8lIPt8uVjRrxAUt/nbswYc+tK6Y2btiULjd4+fnq15PX+nqQDC7Oft7WkwcA==}
    engines: {node: '>=10'}
    hasBin: true
    dependencies:
      lru-cache: 6.0.0
    dev: false

  /typescript@5.1.6:
    resolution: {integrity: sha512-zaWCozRZ6DLEWAWFrVDz1H6FVXzUSfTy5FUMWsQlU8Ym5JP9eO4xkTIROFCQvhQf61z6O/G6ugw3SgAnvvm+HA==}
    engines: {node: '>=14.17'}
    hasBin: true
    dev: false

  /winreg@1.2.4:
    resolution: {integrity: sha512-IHpzORub7kYlb8A43Iig3reOvlcBJGX9gZ0WycHhghHtA65X0LYnMRuJs+aH1abVnMJztQkvQNlltnbPi5aGIA==}
    dev: false

  /yallist@4.0.0:
    resolution: {integrity: sha512-3wdGidZyq5PB084XLES5TpOSRA3wjXAlIWMhum2kRcv/41Sn2emQ0dycQW4uZXLejwKvg6EsvbdlVL+FYEct7A==}
    dev: false
